
Microsoft Visual Studio Solution File, Format Version 12.00
# Visual Studio Version 16
VisualStudioVersion = 16.0.31005.135
MinimumVisualStudioVersion = 10.0.40219.1
Project("{FAE04EC0-301F-11D3-BF4B-00C04F79EFBC}") = "MyShop.Core", "MyShop.Core\MyShop.Core.csproj", "{46C67961-F098-49DB-8B5A-DA862795E09A}"
EndProject
Project("{FAE04EC0-301F-11D3-BF4B-00C04F79EFBC}") = "MyShop.Services", "MyShop.Services\MyShop.Services.csproj", "{E3223B79-0CB8-426F-85AC-6634979DDDC9}"
EndProject
Project("{FAE04EC0-301F-11D3-BF4B-00C04F79EFBC}") = "MyShop.DataAccess.SQL", "MyShop.DataAccess.SQL\MyShop.DataAccess.SQL.csproj", "{E62BF949-16CB-45D6-8EBB-A0B7A70BBF5F}"
EndProject
Project("{FAE04EC0-301F-11D3-BF4B-00C04F79EFBC}") = "MyShop.DataAccess.InMemory", "MyShop.DataAccess.InMemory\MyShop.DataAccess.InMemory.csproj", "{F0DAA65C-4185-4284-B194-22BFF65B38BC}"
EndProject
Project("{FAE04EC0-301F-11D3-BF4B-00C04F79EFBC}") = "MyShop.WebUI", "MyShop.WebUI\MyShop.WebUI.csproj", "{18D8E6D4-D6BC-4570-B077-4D744D096C1A}"
EndProject
Project("{FAE04EC0-301F-11D3-BF4B-00C04F79EFBC}") = "MyShop.WebUI.Tests", "MyShop.WebUI.Tests\MyShop.WebUI.Tests.csproj", "{252CDE8A-87B1-4D5B-BCD0-5D1FA4CE9226}"
EndProject
Global
	GlobalSection(SolutionConfigurationPlatforms) = preSolution
		Debug|Any CPU = Debug|Any CPU
		Release|Any CPU = Release|Any CPU
	EndGlobalSection
	GlobalSection(ProjectConfigurationPlatforms) = postSolution
		{46C67961-F098-49DB-8B5A-DA862795E09A}.Debug|Any CPU.ActiveCfg = Debug|Any CPU
		{46C67961-F098-49DB-8B5A-DA862795E09A}.Debug|Any CPU.Build.0 = Debug|Any CPU
		{46C67961-F098-49DB-8B5A-DA862795E09A}.Release|Any CPU.ActiveCfg = Release|Any CPU
		{46C67961-F098-49DB-8B5A-DA862795E09A}.Release|Any CPU.Build.0 = Release|Any CPU
		{E3223B79-0CB8-426F-85AC-6634979DDDC9}.Debug|Any CPU.ActiveCfg = Debug|Any CPU
		{E3223B79-0CB8-426F-85AC-6634979DDDC9}.Debug|Any CPU.Build.0 = Debug|Any CPU
		{E3223B79-0CB8-426F-85AC-6634979DDDC9}.Release|Any CPU.ActiveCfg = Release|Any CPU
		{E3223B79-0CB8-426F-85AC-6634979DDDC9}.Release|Any CPU.Build.0 = Release|Any CPU
		{E62BF949-16CB-45D6-8EBB-A0B7A70BBF5F}.Debug|Any CPU.ActiveCfg = Debug|Any CPU
		{E62BF949-16CB-45D6-8EBB-A0B7A70BBF5F}.Debug|Any CPU.Build.0 = Debug|Any CPU
		{E62BF949-16CB-45D6-8EBB-A0B7A70BBF5F}.Release|Any CPU.ActiveCfg = Release|Any CPU
		{E62BF949-16CB-45D6-8EBB-A0B7A70BBF5F}.Release|Any CPU.Build.0 = Release|Any CPU
		{F0DAA65C-4185-4284-B194-22BFF65B38BC}.Debug|Any CPU.ActiveCfg = Debug|Any CPU
		{F0DAA65C-4185-4284-B194-22BFF65B38BC}.Debug|Any CPU.Build.0 = Debug|Any CPU
		{F0DAA65C-4185-4284-B194-22BFF65B38BC}.Release|Any CPU.ActiveCfg = Release|Any CPU
		{F0DAA65C-4185-4284-B194-22BFF65B38BC}.Release|Any CPU.Build.0 = Release|Any CPU
		{18D8E6D4-D6BC-4570-B077-4D744D096C1A}.Debug|Any CPU.ActiveCfg = Debug|Any CPU
		{18D8E6D4-D6BC-4570-B077-4D744D096C1A}.Debug|Any CPU.Build.0 = Debug|Any CPU
		{18D8E6D4-D6BC-4570-B077-4D744D096C1A}.Release|Any CPU.ActiveCfg = Release|Any CPU
		{18D8E6D4-D6BC-4570-B077-4D744D096C1A}.Release|Any CPU.Build.0 = Release|Any CPU
		{252CDE8A-87B1-4D5B-BCD0-5D1FA4CE9226}.Debug|Any CPU.ActiveCfg = Debug|Any CPU
		{252CDE8A-87B1-4D5B-BCD0-5D1FA4CE9226}.Debug|Any CPU.Build.0 = Debug|Any CPU
		{252CDE8A-87B1-4D5B-BCD0-5D1FA4CE9226}.Release|Any CPU.ActiveCfg = Release|Any CPU
		{252CDE8A-87B1-4D5B-BCD0-5D1FA4CE9226}.Release|Any CPU.Build.0 = Release|Any CPU
	EndGlobalSection
	GlobalSection(SolutionProperties) = preSolution
		HideSolutionNode = FALSE
	EndGlobalSection
	GlobalSection(ExtensibilityGlobals) = postSolution
		SolutionGuid = {5A05E1EB-FA52-4049-88BC-9765E76734AD}
	EndGlobalSection
EndGlobal
